Microsoft Visual Studio Solution File, Format Version 12.00
# Visual Studio 2013
VisualStudioVersion = 12.0.21005.1
MinimumVisualStudioVersion = 10.0.40219.1
Project("{8BC9CEB8-8B4A-11D0-8D11-00A0C91BC942}") = "lcm", "lcm.vcxproj", "{6C7970F3-262A-439D-854C-CF3A82EFC824}"
EndProject
Project("{8BC9CEB8-8B4A-11D0-8D11-00A0C91BC942}") = "lcm-gen", "lcm-gen.vcxproj", "{4D2C4E6A-E658-480A-988A-B9CDF786D60F}"
EndProject
Project("{8BC9CEB8-8B4A-11D0-8D11-00A0C91BC942}") = "lcm-tester", "lcm-tester.vcxproj", "{386ECC72-B71F-4D8C-B79D-253E38BABFCA}"
EndProject
Project("{8BC9CEB8-8B4A-11D0-8D11-00A0C91BC942}") = "lcm-logfilter", "lcm-logfilter.vcxproj", "{EFC83290-5045-4BCD-BFB3-145EA98CD2AE}"
EndProject
Project("{8BC9CEB8-8B4A-11D0-8D11-00A0C91BC942}") = "lcm-logger", "lcm-logger.vcxproj", "{7BCECF84-F481-4B6F-919F-95CFEF742801}"
EndProject
Project("{8BC9CEB8-8B4A-11D0-8D11-00A0C91BC942}") = "getopt", "getopt.vcxproj", "{0C5D451D-5EE0-4195-80AA-86735880D577}"
EndProject
Project("{8BC9CEB8-8B4A-11D0-8D11-00A0C91BC942}") = "lcm-logplayer", "lcm-logplayer.vcxproj", "{E85E8C39-292B-4700-A277-969F2DE6D06A}"
EndProject
Project("{8BC9CEB8-8B4A-11D0-8D11-00A0C91BC942}") = "lcm-example", "lcm-example.vcxproj", "{7AA0D313-91F1-46CE-8677-1933A9732113}"
EndProject
Project("{8BC9CEB8-8B4A-11D0-8D11-00A0C91BC942}") = "lcm-sink", "lcm-sink.vcxproj", "{EE0A7CF5-DD3E-415E-8C5D-31425A256537}"
EndProject
Project("{8BC9CEB8-8B4A-11D0-8D11-00A0C91BC942}") = "lcm-source", "lcm-source.vcxproj", "{B42A46B6-2274-4FEB-8FAD-283DC9FAA2C4}"
EndProject
Project("{2150E333-8FDC-42A3-9474-1A3956D46DE8}") = "c-test", "c-test", "{EE61BAB5-E6BB-48EB-B502-D87773A2B8E2}"
EndProject
Project("{8BC9CEB8-8B4A-11D0-8D11-00A0C91BC942}") = "server", "test-server.vcxproj", "{AD270E6C-8031-44A4-A72D-73D942704A1E}"
	ProjectSection(ProjectDependencies) = postProject
		{F7117953-D813-4870-AD75-D598D000C149} = {F7117953-D813-4870-AD75-D598D000C149}
		{66298AB4-106D-4079-BEBF-C7D9E8835567} = {66298AB4-106D-4079-BEBF-C7D9E8835567}
		{6C7970F3-262A-439D-854C-CF3A82EFC824} = {6C7970F3-262A-439D-854C-CF3A82EFC824}
	EndProjectSection
EndProject
Project("{8BC9CEB8-8B4A-11D0-8D11-00A0C91BC942}") = "lcmtest", "lcmtest.vcxproj", "{F7117953-D813-4870-AD75-D598D000C149}"
EndProject
Project("{8BC9CEB8-8B4A-11D0-8D11-00A0C91BC942}") = "lcmtest2", "lcmtest2.vcxproj", "{66298AB4-106D-4079-BEBF-C7D9E8835567}"
	ProjectSection(ProjectDependencies) = postProject
		{F7117953-D813-4870-AD75-D598D000C149} = {F7117953-D813-4870-AD75-D598D000C149}
		{4D2C4E6A-E658-480A-988A-B9CDF786D60F} = {4D2C4E6A-E658-480A-988A-B9CDF786D60F}
	EndProjectSection
EndProject
Project("{8BC9CEB8-8B4A-11D0-8D11-00A0C91BC942}") = "client", "test-client.vcxproj", "{212D1BA3-1C47-406E-9A96-AB00858A5F18}"
	ProjectSection(ProjectDependencies) = postProject
		{F7117953-D813-4870-AD75-D598D000C149} = {F7117953-D813-4870-AD75-D598D000C149}
		{66298AB4-106D-4079-BEBF-C7D9E8835567} = {66298AB4-106D-4079-BEBF-C7D9E8835567}
		{6C7970F3-262A-439D-854C-CF3A82EFC824} = {6C7970F3-262A-439D-854C-CF3A82EFC824}
	EndProjectSection
EndProject
Project("{8BC9CEB8-8B4A-11D0-8D11-00A0C91BC942}") = "gtest", "gtest.vcxproj", "{B6B001F5-B500-47A5-AAB7-0E71FBB32E30}"
EndProject
Project("{8BC9CEB8-8B4A-11D0-8D11-00A0C91BC942}") = "gtest_main", "gtest_main.vcxproj", "{48B8526D-9203-4255-8D10-EB1B5F7F921F}"
EndProject
Project("{8BC9CEB8-8B4A-11D0-8D11-00A0C91BC942}") = "memq_test", "test-memq.vcxproj", "{64DF789C-C2A3-4709-AFC0-FD490E647A63}"
EndProject
Project("{8BC9CEB8-8B4A-11D0-8D11-00A0C91BC942}") = "test-copy-lcm", "test-copy-lcm.vcxproj", "{A92FBB1F-8893-47BC-8E89-61F5C4E1A4D9}"
EndProject
Project("{8BC9CEB8-8B4A-11D0-8D11-00A0C91BC942}") = "eventlog_test", "test-eventlog.vcxproj", "{4619BF56-8597-47DB-A066-982CB8DE7E7F}"
EndProject
Project("{8BC9CEB8-8B4A-11D0-8D11-00A0C91BC942}") = "client-cpp", "test-client-cpp.vcxproj", "{6E85223D-3400-4C7E-9A7F-EAE0DA912C06}"
EndProject
Project("{2150E333-8FDC-42A3-9474-1A3956D46DE8}") = "cpp-test", "cpp-test", "{6AFAA05F-BD41-4DED-A515-D695CF0B8096}"
EndProject
Project("{8BC9CEB8-8B4A-11D0-8D11-00A0C91BC942}") = "test-copy-lcm-cpp", "test-copy-lcm-cpp.vcxproj", "{F2C3A9DC-15CC-46EC-9852-73769B5B3DB2}"
EndProject
Project("{8BC9CEB8-8B4A-11D0-8D11-00A0C91BC942}") = "test-memq-cpp", "test-memq-cpp.vcxproj", "{94A67CC9-42A5-4270-8FF0-9B00B287755A}"
EndProject
Global
	GlobalSection(SolutionConfigurationPlatforms) = preSolution
		Debug|Win32 = Debug|Win32
		Release|Win32 = Release|Win32
	EndGlobalSection
	GlobalSection(ProjectConfigurationPlatforms) = postSolution
		{6C7970F3-262A-439D-854C-CF3A82EFC824}.Debug|Win32.ActiveCfg = Debug|Win32
		{6C7970F3-262A-439D-854C-CF3A82EFC824}.Debug|Win32.Build.0 = Debug|Win32
		{6C7970F3-262A-439D-854C-CF3A82EFC824}.Release|Win32.ActiveCfg = Release|Win32
		{6C7970F3-262A-439D-854C-CF3A82EFC824}.Release|Win32.Build.0 = Release|Win32
		{4D2C4E6A-E658-480A-988A-B9CDF786D60F}.Debug|Win32.ActiveCfg = Debug|Win32
		{4D2C4E6A-E658-480A-988A-B9CDF786D60F}.Debug|Win32.Build.0 = Debug|Win32
		{4D2C4E6A-E658-480A-988A-B9CDF786D60F}.Release|Win32.ActiveCfg = Release|Win32
		{4D2C4E6A-E658-480A-988A-B9CDF786D60F}.Release|Win32.Build.0 = Release|Win32
		{386ECC72-B71F-4D8C-B79D-253E38BABFCA}.Debug|Win32.ActiveCfg = Debug|Win32
		{386ECC72-B71F-4D8C-B79D-253E38BABFCA}.Debug|Win32.Build.0 = Debug|Win32
		{386ECC72-B71F-4D8C-B79D-253E38BABFCA}.Release|Win32.ActiveCfg = Release|Win32
		{386ECC72-B71F-4D8C-B79D-253E38BABFCA}.Release|Win32.Build.0 = Release|Win32
		{EFC83290-5045-4BCD-BFB3-145EA98CD2AE}.Debug|Win32.ActiveCfg = Debug|Win32
		{EFC83290-5045-4BCD-BFB3-145EA98CD2AE}.Debug|Win32.Build.0 = Debug|Win32
		{EFC83290-5045-4BCD-BFB3-145EA98CD2AE}.Release|Win32.ActiveCfg = Release|Win32
		{EFC83290-5045-4BCD-BFB3-145EA98CD2AE}.Release|Win32.Build.0 = Release|Win32
		{7BCECF84-F481-4B6F-919F-95CFEF742801}.Debug|Win32.ActiveCfg = Debug|Win32
		{7BCECF84-F481-4B6F-919F-95CFEF742801}.Debug|Win32.Build.0 = Debug|Win32
		{7BCECF84-F481-4B6F-919F-95CFEF742801}.Release|Win32.ActiveCfg = Release|Win32
		{7BCECF84-F481-4B6F-919F-95CFEF742801}.Release|Win32.Build.0 = Release|Win32
		{0C5D451D-5EE0-4195-80AA-86735880D577}.Debug|Win32.ActiveCfg = Debug|Win32
		{0C5D451D-5EE0-4195-80AA-86735880D577}.Debug|Win32.Build.0 = Debug|Win32
		{0C5D451D-5EE0-4195-80AA-86735880D577}.Release|Win32.ActiveCfg = Release|Win32
		{0C5D451D-5EE0-4195-80AA-86735880D577}.Release|Win32.Build.0 = Release|Win32
		{E85E8C39-292B-4700-A277-969F2DE6D06A}.Debug|Win32.ActiveCfg = Debug|Win32
		{E85E8C39-292B-4700-A277-969F2DE6D06A}.Debug|Win32.Build.0 = Debug|Win32
		{E85E8C39-292B-4700-A277-969F2DE6D06A}.Release|Win32.ActiveCfg = Release|Win32
		{E85E8C39-292B-4700-A277-969F2DE6D06A}.Release|Win32.Build.0 = Release|Win32
		{7AA0D313-91F1-46CE-8677-1933A9732113}.Debug|Win32.ActiveCfg = Debug|Win32
		{7AA0D313-91F1-46CE-8677-1933A9732113}.Debug|Win32.Build.0 = Debug|Win32
		{7AA0D313-91F1-46CE-8677-1933A9732113}.Release|Win32.ActiveCfg = Release|Win32
		{7AA0D313-91F1-46CE-8677-1933A9732113}.Release|Win32.Build.0 = Release|Win32
		{EE0A7CF5-DD3E-415E-8C5D-31425A256537}.Debug|Win32.ActiveCfg = Debug|Win32
		{EE0A7CF5-DD3E-415E-8C5D-31425A256537}.Debug|Win32.Build.0 = Debug|Win32
		{EE0A7CF5-DD3E-415E-8C5D-31425A256537}.Release|Win32.ActiveCfg = Release|Win32
		{EE0A7CF5-DD3E-415E-8C5D-31425A256537}.Release|Win32.Build.0 = Release|Win32
		{B42A46B6-2274-4FEB-8FAD-283DC9FAA2C4}.Debug|Win32.ActiveCfg = Debug|Win32
		{B42A46B6-2274-4FEB-8FAD-283DC9FAA2C4}.Debug|Win32.Build.0 = Debug|Win32
		{B42A46B6-2274-4FEB-8FAD-283DC9FAA2C4}.Release|Win32.ActiveCfg = Release|Win32
		{B42A46B6-2274-4FEB-8FAD-283DC9FAA2C4}.Release|Win32.Build.0 = Release|Win32
		{AD270E6C-8031-44A4-A72D-73D942704A1E}.Debug|Win32.ActiveCfg = Debug|Win32
		{AD270E6C-8031-44A4-A72D-73D942704A1E}.Debug|Win32.Build.0 = Debug|Win32
		{AD270E6C-8031-44A4-A72D-73D942704A1E}.Release|Win32.ActiveCfg = Release|Win32
		{AD270E6C-8031-44A4-A72D-73D942704A1E}.Release|Win32.Build.0 = Release|Win32
		{F7117953-D813-4870-AD75-D598D000C149}.Debug|Win32.ActiveCfg = Debug|Win32
		{F7117953-D813-4870-AD75-D598D000C149}.Debug|Win32.Build.0 = Debug|Win32
		{F7117953-D813-4870-AD75-D598D000C149}.Release|Win32.ActiveCfg = Release|Win32
		{F7117953-D813-4870-AD75-D598D000C149}.Release|Win32.Build.0 = Release|Win32
		{66298AB4-106D-4079-BEBF-C7D9E8835567}.Debug|Win32.ActiveCfg = Debug|Win32
		{66298AB4-106D-4079-BEBF-C7D9E8835567}.Debug|Win32.Build.0 = Debug|Win32
		{66298AB4-106D-4079-BEBF-C7D9E8835567}.Release|Win32.ActiveCfg = Release|Win32
		{66298AB4-106D-4079-BEBF-C7D9E8835567}.Release|Win32.Build.0 = Release|Win32
		{212D1BA3-1C47-406E-9A96-AB00858A5F18}.Debug|Win32.ActiveCfg = Debug|Win32
		{212D1BA3-1C47-406E-9A96-AB00858A5F18}.Debug|Win32.Build.0 = Debug|Win32
		{212D1BA3-1C47-406E-9A96-AB00858A5F18}.Release|Win32.ActiveCfg = Release|Win32
		{212D1BA3-1C47-406E-9A96-AB00858A5F18}.Release|Win32.Build.0 = Release|Win32
		{B6B001F5-B500-47A5-AAB7-0E71FBB32E30}.Debug|Win32.ActiveCfg = Debug|Win32
		{B6B001F5-B500-47A5-AAB7-0E71FBB32E30}.Debug|Win32.Build.0 = Debug|Win32
		{B6B001F5-B500-47A5-AAB7-0E71FBB32E30}.Release|Win32.ActiveCfg = Release|Win32
		{B6B001F5-B500-47A5-AAB7-0E71FBB32E30}.Release|Win32.Build.0 = Release|Win32
		{48B8526D-9203-4255-8D10-EB1B5F7F921F}.Debug|Win32.ActiveCfg = Debug|Win32
		{48B8526D-9203-4255-8D10-EB1B5F7F921F}.Debug|Win32.Build.0 = Debug|Win32
		{48B8526D-9203-4255-8D10-EB1B5F7F921F}.Release|Win32.ActiveCfg = Release|Win32
		{48B8526D-9203-4255-8D10-EB1B5F7F921F}.Release|Win32.Build.0 = Release|Win32
		{64DF789C-C2A3-4709-AFC0-FD490E647A63}.Debug|Win32.ActiveCfg = Debug|Win32
		{64DF789C-C2A3-4709-AFC0-FD490E647A63}.Debug|Win32.Build.0 = Debug|Win32
		{64DF789C-C2A3-4709-AFC0-FD490E647A63}.Release|Win32.ActiveCfg = Release|Win32
		{64DF789C-C2A3-4709-AFC0-FD490E647A63}.Release|Win32.Build.0 = Release|Win32
		{A92FBB1F-8893-47BC-8E89-61F5C4E1A4D9}.Debug|Win32.ActiveCfg = Debug|Win32
		{A92FBB1F-8893-47BC-8E89-61F5C4E1A4D9}.Debug|Win32.Build.0 = Debug|Win32
		{A92FBB1F-8893-47BC-8E89-61F5C4E1A4D9}.Release|Win32.ActiveCfg = Release|Win32
		{A92FBB1F-8893-47BC-8E89-61F5C4E1A4D9}.Release|Win32.Build.0 = Release|Win32
		{4619BF56-8597-47DB-A066-982CB8DE7E7F}.Debug|Win32.ActiveCfg = Debug|Win32
		{4619BF56-8597-47DB-A066-982CB8DE7E7F}.Debug|Win32.Build.0 = Debug|Win32
		{4619BF56-8597-47DB-A066-982CB8DE7E7F}.Release|Win32.ActiveCfg = Release|Win32
		{4619BF56-8597-47DB-A066-982CB8DE7E7F}.Release|Win32.Build.0 = Release|Win32
		{6E85223D-3400-4C7E-9A7F-EAE0DA912C06}.Debug|Win32.ActiveCfg = Debug|Win32
		{6E85223D-3400-4C7E-9A7F-EAE0DA912C06}.Debug|Win32.Build.0 = Debug|Win32
		{6E85223D-3400-4C7E-9A7F-EAE0DA912C06}.Release|Win32.ActiveCfg = Release|Win32
		{6E85223D-3400-4C7E-9A7F-EAE0DA912C06}.Release|Win32.Build.0 = Release|Win32
		{F2C3A9DC-15CC-46EC-9852-73769B5B3DB2}.Debug|Win32.ActiveCfg = Debug|Win32
		{F2C3A9DC-15CC-46EC-9852-73769B5B3DB2}.Debug|Win32.Build.0 = Debug|Win32
		{F2C3A9DC-15CC-46EC-9852-73769B5B3DB2}.Release|Win32.ActiveCfg = Release|Win32
		{F2C3A9DC-15CC-46EC-9852-73769B5B3DB2}.Release|Win32.Build.0 = Release|Win32
		{94A67CC9-42A5-4270-8FF0-9B00B287755A}.Debug|Win32.ActiveCfg = Debug|Win32
		{94A67CC9-42A5-4270-8FF0-9B00B287755A}.Debug|Win32.Build.0 = Debug|Win32
		{94A67CC9-42A5-4270-8FF0-9B00B287755A}.Release|Win32.ActiveCfg = Release|Win32
		{94A67CC9-42A5-4270-8FF0-9B00B287755A}.Release|Win32.Build.0 = Release|Win32
	EndGlobalSection
	GlobalSection(SolutionProperties) = preSolution
		HideSolutionNode = FALSE
	EndGlobalSection
	GlobalSection(NestedProjects) = preSolution
		{AD270E6C-8031-44A4-A72D-73D942704A1E} = {EE61BAB5-E6BB-48EB-B502-D87773A2B8E2}
		{F7117953-D813-4870-AD75-D598D000C149} = {EE61BAB5-E6BB-48EB-B502-D87773A2B8E2}
		{66298AB4-106D-4079-BEBF-C7D9E8835567} = {EE61BAB5-E6BB-48EB-B502-D87773A2B8E2}
		{212D1BA3-1C47-406E-9A96-AB00858A5F18} = {EE61BAB5-E6BB-48EB-B502-D87773A2B8E2}
		{B6B001F5-B500-47A5-AAB7-0E71FBB32E30} = {EE61BAB5-E6BB-48EB-B502-D87773A2B8E2}
		{48B8526D-9203-4255-8D10-EB1B5F7F921F} = {EE61BAB5-E6BB-48EB-B502-D87773A2B8E2}
		{64DF789C-C2A3-4709-AFC0-FD490E647A63} = {EE61BAB5-E6BB-48EB-B502-D87773A2B8E2}
		{A92FBB1F-8893-47BC-8E89-61F5C4E1A4D9} = {EE61BAB5-E6BB-48EB-B502-D87773A2B8E2}
		{4619BF56-8597-47DB-A066-982CB8DE7E7F} = {EE61BAB5-E6BB-48EB-B502-D87773A2B8E2}
		{6E85223D-3400-4C7E-9A7F-EAE0DA912C06} = {6AFAA05F-BD41-4DED-A515-D695CF0B8096}
		{F2C3A9DC-15CC-46EC-9852-73769B5B3DB2} = {6AFAA05F-BD41-4DED-A515-D695CF0B8096}
		{94A67CC9-42A5-4270-8FF0-9B00B287755A} = {6AFAA05F-BD41-4DED-A515-D695CF0B8096}
	EndGlobalSection
EndGlobal
